
Microsoft Visual Studio Solution File, Format Version 12.00
# Visual Studio Version 16
VisualStudioVersion = 16.0.30114.105
MinimumVisualStudioVersion = 10.0.40219.1
Project("{9A19103F-16F7-4668-BE54-9A1E7A4F7556}") = "Scanfer.Studio.Concurrency", "Scanfer.Studio.Concurrency\Scanfer.Studio.Concurrency.csproj", "{6EEC8698-6AB0-4691-9D65-3A70C13D6DFC}"
EndProject
Project("{9A19103F-16F7-4668-BE54-9A1E7A4F7556}") = "Scanfer.Studio.DockerTest", "Scanfer.Studio.DockerTest\Scanfer.Studio.DockerTest.csproj", "{5B5458D0-184B-4F3D-AA64-7F5D6ED2135B}"
EndProject
Project("{2150E333-8FDC-42A3-9474-1A3956D46DE8}") = "GrpcTest", "GrpcTest", "{F624FA2E-9332-4904-9021-C665722686CF}"
EndProject
Project("{9A19103F-16F7-4668-BE54-9A1E7A4F7556}") = "Scanfer.Studio.GrpcSer", "Scanfer.Studio.GrpcSer\Scanfer.Studio.GrpcSer.csproj", "{C27F8847-28A5-470C-9203-ACF42BF91D0D}"
EndProject
Project("{9A19103F-16F7-4668-BE54-9A1E7A4F7556}") = "Scanfer.Studio.GrpcCli", "Scanfer.Studio.GrpcCli\Scanfer.Studio.GrpcCli.csproj", "{F3BB0818-11D8-4EE0-974E-61E0D8D74716}"
EndProject
Global
	GlobalSection(SolutionConfigurationPlatforms) = preSolution
		Debug|Any CPU = Debug|Any CPU
		Release|Any CPU = Release|Any CPU
	EndGlobalSection
	GlobalSection(ProjectConfigurationPlatforms) = postSolution
		{6EEC8698-6AB0-4691-9D65-3A70C13D6DFC}.Debug|Any CPU.ActiveCfg = Debug|Any CPU
		{6EEC8698-6AB0-4691-9D65-3A70C13D6DFC}.Debug|Any CPU.Build.0 = Debug|Any CPU
		{6EEC8698-6AB0-4691-9D65-3A70C13D6DFC}.Release|Any CPU.ActiveCfg = Release|Any CPU
		{6EEC8698-6AB0-4691-9D65-3A70C13D6DFC}.Release|Any CPU.Build.0 = Release|Any CPU
		{5B5458D0-184B-4F3D-AA64-7F5D6ED2135B}.Debug|Any CPU.ActiveCfg = Debug|Any CPU
		{5B5458D0-184B-4F3D-AA64-7F5D6ED2135B}.Debug|Any CPU.Build.0 = Debug|Any CPU
		{5B5458D0-184B-4F3D-AA64-7F5D6ED2135B}.Release|Any CPU.ActiveCfg = Release|Any CPU
		{5B5458D0-184B-4F3D-AA64-7F5D6ED2135B}.Release|Any CPU.Build.0 = Release|Any CPU
		{C27F8847-28A5-470C-9203-ACF42BF91D0D}.Debug|Any CPU.ActiveCfg = Debug|Any CPU
		{C27F8847-28A5-470C-9203-ACF42BF91D0D}.Debug|Any CPU.Build.0 = Debug|Any CPU
		{C27F8847-28A5-470C-9203-ACF42BF91D0D}.Release|Any CPU.ActiveCfg = Release|Any CPU
		{C27F8847-28A5-470C-9203-ACF42BF91D0D}.Release|Any CPU.Build.0 = Release|Any CPU
		{F3BB0818-11D8-4EE0-974E-61E0D8D74716}.Debug|Any CPU.ActiveCfg = Debug|Any CPU
		{F3BB0818-11D8-4EE0-974E-61E0D8D74716}.Debug|Any CPU.Build.0 = Debug|Any CPU
		{F3BB0818-11D8-4EE0-974E-61E0D8D74716}.Release|Any CPU.ActiveCfg = Release|Any CPU
		{F3BB0818-11D8-4EE0-974E-61E0D8D74716}.Release|Any CPU.Build.0 = Release|Any CPU
	EndGlobalSection
	GlobalSection(SolutionProperties) = preSolution
		HideSolutionNode = FALSE
	EndGlobalSection
	GlobalSection(NestedProjects) = preSolution
		{C27F8847-28A5-470C-9203-ACF42BF91D0D} = {F624FA2E-9332-4904-9021-C665722686CF}
		{F3BB0818-11D8-4EE0-974E-61E0D8D74716} = {F624FA2E-9332-4904-9021-C665722686CF}
	EndGlobalSection
	GlobalSection(ExtensibilityGlobals) = postSolution
		SolutionGuid = {759C3A20-FAC0-43C7-AEF2-81FE5F9993D0}
	EndGlobalSection
EndGlobal
